
Microsoft Visual Studio Solution File, Format Version 12.00
# Visual Studio Version 17
VisualStudioVersion = 17.13.35919.96 d17.13
MinimumVisualStudioVersion = 10.0.40219.1
Project("{FAE04EC0-301F-11D3-BF4B-00C04F79EFBC}") = "Cycle", "Cycle\Cycle.csproj", "{0783C74C-5314-4AEC-A0D1-B90A81DDDD52}"
EndProject
Global
	GlobalSection(SolutionConfigurationPlatforms) = preSolution
		Debug|Any CPU = Debug|Any CPU
		Release|Any CPU = Release|Any CPU
	EndGlobalSection
	GlobalSection(ProjectConfigurationPlatforms) = postSolution
		{0783C74C-5314-4AEC-A0D1-B90A81DDDD52}.Debug|Any CPU.ActiveCfg = Debug|Any CPU
		{0783C74C-5314-4AEC-A0D1-B90A81DDDD52}.Debug|Any CPU.Build.0 = Debug|Any CPU
		{0783C74C-5314-4AEC-A0D1-B90A81DDDD52}.Release|Any CPU.ActiveCfg = Release|Any CPU
		{0783C74C-5314-4AEC-A0D1-B90A81DDDD52}.Release|Any CPU.Build.0 = Release|Any CPU
	EndGlobalSection
	GlobalSection(SolutionProperties) = preSolution
		HideSolutionNode = FALSE
	EndGlobalSection
	GlobalSection(ExtensibilityGlobals) = postSolution
		SolutionGuid = {E134F79B-728E-4F04-9BF7-8D638A3D4841}
	EndGlobalSection
EndGlobal
